// !$*UTF8*$!
{
	archiveVersion = 1;
	classes = {
	};
	objectVersion = 50;
	objects = {

/* Begin PBXBuildFile section */
		079D2191532C4E0BF4FD2D4D /* Pods_Galaga_TributeTests.framework in Frameworks */ = {isa = PBXBuildFile; fileRef = 4C64E1E6172BC69D8DE4D465 /* Pods_Galaga_TributeTests.framework */; };
		626172B773090A37B48A9220 /* Pods_Galaga_TributeUITests.framework in Frameworks */ = {isa = PBXBuildFile; fileRef = 02E62D25E2EF9C09369CC3E4 /* Pods_Galaga_TributeUITests.framework */; };
		C4331FBA225C376800A40456 /* AppDelegate.swift in Sources */ = {isa = PBXBuildFile; fileRef = C4331FB9225C376800A40456 /* AppDelegate.swift */; };
		C4331FBF225C376800A40456 /* Main.storyboard in Resources */ = {isa = PBXBuildFile; fileRef = C4331FBD225C376800A40456 /* Main.storyboard */; };
		C4331FC1225C376C00A40456 /* Assets.xcassets in Resources */ = {isa = PBXBuildFile; fileRef = C4331FC0225C376C00A40456 /* Assets.xcassets */; };
		C4331FC4225C376C00A40456 /* LaunchScreen.storyboard in Resources */ = {isa = PBXBuildFile; fileRef = C4331FC2225C376C00A40456 /* LaunchScreen.storyboard */; };
		C4331FCF225C376C00A40456 /* Galaga_TributeTests.swift in Sources */ = {isa = PBXBuildFile; fileRef = C4331FCE225C376C00A40456 /* Galaga_TributeTests.swift */; };
		C4331FDA225C376C00A40456 /* Galaga_TributeUITests.swift in Sources */ = {isa = PBXBuildFile; fileRef = C4331FD9225C376C00A40456 /* Galaga_TributeUITests.swift */; };
		C433205E2262A07700A40456 /* TitleScreenViewController.swift in Sources */ = {isa = PBXBuildFile; fileRef = C433205D2262A07700A40456 /* TitleScreenViewController.swift */; };
		C43320602262A41C00A40456 /* MenuViewController.swift in Sources */ = {isa = PBXBuildFile; fileRef = C433205F2262A41C00A40456 /* MenuViewController.swift */; };
		E42698E7228032A50000E51B /* UsernameViewController.swift in Sources */ = {isa = PBXBuildFile; fileRef = E42698E6228032A50000E51B /* UsernameViewController.swift */; };
		E75E167ECA1C848810F9016B /* Pods_Galaga_Tribute.framework in Frameworks */ = {isa = PBXBuildFile; fileRef = EA30EE3E565BDD65DA85EE1B /* Pods_Galaga_Tribute.framework */; };
		F629037122657E0F00C84D9D /* Actions.sks in Resources */ = {isa = PBXBuildFile; fileRef = F629036D22657E0E00C84D9D /* Actions.sks */; };
		F629037222657E0F00C84D9D /* GameViewController.swift in Sources */ = {isa = PBXBuildFile; fileRef = F629036E22657E0E00C84D9D /* GameViewController.swift */; };
		F629037322657E0F00C84D9D /* GameScene.swift in Sources */ = {isa = PBXBuildFile; fileRef = F629036F22657E0F00C84D9D /* GameScene.swift */; };
		F629037422657E0F00C84D9D /* GameScene.sks in Resources */ = {isa = PBXBuildFile; fileRef = F629037022657E0F00C84D9D /* GameScene.sks */; };
		F629037622657E1600C84D9D /* Player.swift in Sources */ = {isa = PBXBuildFile; fileRef = F629037522657E1600C84D9D /* Player.swift */; };
		F629037E22667A1100C84D9D /* Spacebg.sks in Resources */ = {isa = PBXBuildFile; fileRef = F629037D22667A1100C84D9D /* Spacebg.sks */; };
		F6770390227A6C8500715B91 /* SettingsViewController.swift in Sources */ = {isa = PBXBuildFile; fileRef = F677038F227A6C8500715B91 /* SettingsViewController.swift */; };
		F6770392227D366400715B91 /* GameOverViewController.swift in Sources */ = {isa = PBXBuildFile; fileRef = F6770391227D366400715B91 /* GameOverViewController.swift */; };
		F6A51F5D22810D2D00D02EBD /* Explosion.sks in Resources */ = {isa = PBXBuildFile; fileRef = F6A51F5C22810D2D00D02EBD /* Explosion.sks */; };
/* End PBXBuildFile section */

/* Begin PBXContainerItemProxy section */
		C4331FCB225C376C00A40456 /* PBXContainerItemProxy */ = {
			isa = PBXContainerItemProxy;
			containerPortal = C4331FAE225C376800A40456 /* Project object */;
			proxyType = 1;
			remoteGlobalIDString = C4331FB5225C376800A40456;
			remoteInfo = "Galaga-Tribute";
		};
		C4331FD6225C376C00A40456 /* PBXContainerItemProxy */ = {
			isa = PBXContainerItemProxy;
			containerPortal = C4331FAE225C376800A40456 /* Project object */;
			proxyType = 1;
			remoteGlobalIDString = C4331FB5225C376800A40456;
			remoteInfo = "Galaga-Tribute";
		};
/* End PBXContainerItemProxy section */

/* Begin PBXFileReference section */
		02E62D25E2EF9C09369CC3E4 /* Pods_Galaga_TributeUITests.framework */ = {isa = PBXFileReference; explicitFileType = wrapper.framework; includeInIndex = 0; path = Pods_Galaga_TributeUITests.framework; sourceTree = BUILT_PRODUCTS_DIR; };
		3A6D9232099B3803D98C725B /* Pods-Galaga-Tribute.release.xcconfig */ = {isa = PBXFileReference; includeInIndex = 1; lastKnownFileType = text.xcconfig; name = "Pods-Galaga-Tribute.release.xcconfig"; path = "Target Support Files/Pods-Galaga-Tribute/Pods-Galaga-Tribute.release.xcconfig"; sourceTree = "<group>"; };
		47D20F4628ED931D583E7C63 /* Pods-Galaga-TributeTests.debug.xcconfig */ = {isa = PBXFileReference; includeInIndex = 1; lastKnownFileType = text.xcconfig; name = "Pods-Galaga-TributeTests.debug.xcconfig"; path = "Target Support Files/Pods-Galaga-TributeTests/Pods-Galaga-TributeTests.debug.xcconfig"; sourceTree = "<group>"; };
		4C64E1E6172BC69D8DE4D465 /* Pods_Galaga_TributeTests.framework */ = {isa = PBXFileReference; explicitFileType = wrapper.framework; includeInIndex = 0; path = Pods_Galaga_TributeTests.framework; sourceTree = BUILT_PRODUCTS_DIR; };
		6590799644990A5B77ED156D /* Pods-Galaga-Tribute.debug.xcconfig */ = {isa = PBXFileReference; includeInIndex = 1; lastKnownFileType = text.xcconfig; name = "Pods-Galaga-Tribute.debug.xcconfig"; path = "Target Support Files/Pods-Galaga-Tribute/Pods-Galaga-Tribute.debug.xcconfig"; sourceTree = "<group>"; };
		C2C4CC91B0CD92D2521268D1 /* Pods-Galaga-TributeTests.release.xcconfig */ = {isa = PBXFileReference; includeInIndex = 1; lastKnownFileType = text.xcconfig; name = "Pods-Galaga-TributeTests.release.xcconfig"; path = "Target Support Files/Pods-Galaga-TributeTests/Pods-Galaga-TributeTests.release.xcconfig"; sourceTree = "<group>"; };
		C4331FB6225C376800A40456 /* Galaga-Tribute.app */ = {isa = PBXFileReference; explicitFileType = wrapper.application; includeInIndex = 0; path = "Galaga-Tribute.app"; sourceTree = BUILT_PRODUCTS_DIR; };
		C4331FB9225C376800A40456 /* AppDelegate.swift */ = {isa = PBXFileReference; lastKnownFileType = sourcecode.swift; path = AppDelegate.swift; sourceTree = "<group>"; };
		C4331FBE225C376800A40456 /* Base */ = {isa = PBXFileReference; lastKnownFileType = file.storyboard; name = Base; path = Base.lproj/Main.storyboard; sourceTree = "<group>"; };
		C4331FC0225C376C00A40456 /* Assets.xcassets */ = {isa = PBXFileReference; lastKnownFileType = folder.assetcatalog; path = Assets.xcassets; sourceTree = "<group>"; };
		C4331FC3225C376C00A40456 /* Base */ = {isa = PBXFileReference; lastKnownFileType = file.storyboard; name = Base; path = Base.lproj/LaunchScreen.storyboard; sourceTree = "<group>"; };
		C4331FC5225C376C00A40456 /* Info.plist */ = {isa = PBXFileReference; lastKnownFileType = text.plist.xml; path = Info.plist; sourceTree = "<group>"; };
		C4331FCA225C376C00A40456 /* Galaga-TributeTests.xctest */ = {isa = PBXFileReference; explicitFileType = wrapper.cfbundle; includeInIndex = 0; path = "Galaga-TributeTests.xctest"; sourceTree = BUILT_PRODUCTS_DIR; };
		C4331FCE225C376C00A40456 /* Galaga_TributeTests.swift */ = {isa = PBXFileReference; lastKnownFileType = sourcecode.swift; path = Galaga_TributeTests.swift; sourceTree = "<group>"; };
		C4331FD0225C376C00A40456 /* Info.plist */ = {isa = PBXFileReference; lastKnownFileType = text.plist.xml; path = Info.plist; sourceTree = "<group>"; };
		C4331FD5225C376C00A40456 /* Galaga-TributeUITests.xctest */ = {isa = PBXFileReference; explicitFileType = wrapper.cfbundle; includeInIndex = 0; path = "Galaga-TributeUITests.xctest"; sourceTree = BUILT_PRODUCTS_DIR; };
		C4331FD9225C376C00A40456 /* Galaga_TributeUITests.swift */ = {isa = PBXFileReference; lastKnownFileType = sourcecode.swift; path = Galaga_TributeUITests.swift; sourceTree = "<group>"; };
		C4331FDB225C376C00A40456 /* Info.plist */ = {isa = PBXFileReference; lastKnownFileType = text.plist.xml; path = Info.plist; sourceTree = "<group>"; };
		C433205D2262A07700A40456 /* TitleScreenViewController.swift */ = {isa = PBXFileReference; lastKnownFileType = sourcecode.swift; path = TitleScreenViewController.swift; sourceTree = "<group>"; };
		C433205F2262A41C00A40456 /* MenuViewController.swift */ = {isa = PBXFileReference; lastKnownFileType = sourcecode.swift; path = MenuViewController.swift; sourceTree = "<group>"; };
		E42698E6228032A50000E51B /* UsernameViewController.swift */ = {isa = PBXFileReference; lastKnownFileType = sourcecode.swift; path = UsernameViewController.swift; sourceTree = "<group>"; };
		EA30EE3E565BDD65DA85EE1B /* Pods_Galaga_Tribute.framework */ = {isa = PBXFileReference; explicitFileType = wrapper.framework; includeInIndex = 0; path = Pods_Galaga_Tribute.framework; sourceTree = BUILT_PRODUCTS_DIR; };
		F629036D22657E0E00C84D9D /* Actions.sks */ = {isa = PBXFileReference; lastKnownFileType = file.sks; path = Actions.sks; sourceTree = "<group>"; };
		F629036E22657E0E00C84D9D /* GameViewController.swift */ = {isa = PBXFileReference; fileEncoding = 4; lastKnownFileType = sourcecode.swift; path = GameViewController.swift; sourceTree = "<group>"; };
		F629036F22657E0F00C84D9D /* GameScene.swift */ = {isa = PBXFileReference; fileEncoding = 4; lastKnownFileType = sourcecode.swift; path = GameScene.swift; sourceTree = "<group>"; };
		F629037022657E0F00C84D9D /* GameScene.sks */ = {isa = PBXFileReference; lastKnownFileType = file.sks; path = GameScene.sks; sourceTree = "<group>"; };
		F629037522657E1600C84D9D /* Player.swift */ = {isa = PBXFileReference; fileEncoding = 4; lastKnownFileType = sourcecode.swift; path = Player.swift; sourceTree = "<group>"; };
		F629037D22667A1100C84D9D /* Spacebg.sks */ = {isa = PBXFileReference; lastKnownFileType = file.sks; path = Spacebg.sks; sourceTree = "<group>"; };
		F677038F227A6C8500715B91 /* SettingsViewController.swift */ = {isa = PBXFileReference; lastKnownFileType = sourcecode.swift; path = SettingsViewController.swift; sourceTree = "<group>"; };
		F6770391227D366400715B91 /* GameOverViewController.swift */ = {isa = PBXFileReference; lastKnownFileType = sourcecode.swift; path = GameOverViewController.swift; sourceTree = "<group>"; };
		F6A51F5C22810D2D00D02EBD /* Explosion.sks */ = {isa = PBXFileReference; lastKnownFileType = file.sks; path = Explosion.sks; sourceTree = "<group>"; };
		FA5DD635C0B2F2017BE68E19 /* Pods-Galaga-TributeUITests.debug.xcconfig */ = {isa = PBXFileReference; includeInIndex = 1; lastKnownFileType = text.xcconfig; name = "Pods-Galaga-TributeUITests.debug.xcconfig"; path = "Target Support Files/Pods-Galaga-TributeUITests/Pods-Galaga-TributeUITests.debug.xcconfig"; sourceTree = "<group>"; };
		FF8CBFE46C14B629463261C4 /* Pods-Galaga-TributeUITests.release.xcconfig */ = {isa = PBXFileReference; includeInIndex = 1; lastKnownFileType = text.xcconfig; name = "Pods-Galaga-TributeUITests.release.xcconfig"; path = "Target Support Files/Pods-Galaga-TributeUITests/Pods-Galaga-TributeUITests.release.xcconfig"; sourceTree = "<group>"; };
/* End PBXFileReference section */

/* Begin PBXFrameworksBuildPhase section */
		C4331FB3225C376800A40456 /* Frameworks */ = {
			isa = PBXFrameworksBuildPhase;
			buildActionMask = 2147483647;
			files = (
				E75E167ECA1C848810F9016B /* Pods_Galaga_Tribute.framework in Frameworks */,
			);
			runOnlyForDeploymentPostprocessing = 0;
		};
		C4331FC7225C376C00A40456 /* Frameworks */ = {
			isa = PBXFrameworksBuildPhase;
			buildActionMask = 2147483647;
			files = (
				079D2191532C4E0BF4FD2D4D /* Pods_Galaga_TributeTests.framework in Frameworks */,
			);
			runOnlyForDeploymentPostprocessing = 0;
		};
		C4331FD2225C376C00A40456 /* Frameworks */ = {
			isa = PBXFrameworksBuildPhase;
			buildActionMask = 2147483647;
			files = (
				626172B773090A37B48A9220 /* Pods_Galaga_TributeUITests.framework in Frameworks */,
			);
			runOnlyForDeploymentPostprocessing = 0;
		};
/* End PBXFrameworksBuildPhase section */

/* Begin PBXGroup section */
		0D1E054EA7693041817C7589 /* Frameworks */ = {
			isa = PBXGroup;
			children = (
				EA30EE3E565BDD65DA85EE1B /* Pods_Galaga_Tribute.framework */,
				4C64E1E6172BC69D8DE4D465 /* Pods_Galaga_TributeTests.framework */,
				02E62D25E2EF9C09369CC3E4 /* Pods_Galaga_TributeUITests.framework */,
			);
			name = Frameworks;
			sourceTree = "<group>";
		};
		1B845E86CEF4F2BE48E546C1 /* Pods */ = {
			isa = PBXGroup;
			children = (
				6590799644990A5B77ED156D /* Pods-Galaga-Tribute.debug.xcconfig */,
				3A6D9232099B3803D98C725B /* Pods-Galaga-Tribute.release.xcconfig */,
				47D20F4628ED931D583E7C63 /* Pods-Galaga-TributeTests.debug.xcconfig */,
				C2C4CC91B0CD92D2521268D1 /* Pods-Galaga-TributeTests.release.xcconfig */,
				FA5DD635C0B2F2017BE68E19 /* Pods-Galaga-TributeUITests.debug.xcconfig */,
				FF8CBFE46C14B629463261C4 /* Pods-Galaga-TributeUITests.release.xcconfig */,
			);
			path = Pods;
			sourceTree = "<group>";
		};
		C4331FAD225C376800A40456 = {
			isa = PBXGroup;
			children = (
				C4331FB8225C376800A40456 /* Galaga-Tribute */,
				C4331FCD225C376C00A40456 /* Galaga-TributeTests */,
				C4331FD8225C376C00A40456 /* Galaga-TributeUITests */,
				C4331FB7225C376800A40456 /* Products */,
				1B845E86CEF4F2BE48E546C1 /* Pods */,
				0D1E054EA7693041817C7589 /* Frameworks */,
			);
			sourceTree = "<group>";
		};
		C4331FB7225C376800A40456 /* Products */ = {
			isa = PBXGroup;
			children = (
				C4331FB6225C376800A40456 /* Galaga-Tribute.app */,
				C4331FCA225C376C00A40456 /* Galaga-TributeTests.xctest */,
				C4331FD5225C376C00A40456 /* Galaga-TributeUITests.xctest */,
			);
			name = Products;
			sourceTree = "<group>";
		};
		C4331FB8225C376800A40456 /* Galaga-Tribute */ = {
			isa = PBXGroup;
			children = (
				C4331FC2225C376C00A40456 /* LaunchScreen.storyboard */,
				C4331FBD225C376800A40456 /* Main.storyboard */,
				E42698E6228032A50000E51B /* UsernameViewController.swift */,
				F6770391227D366400715B91 /* GameOverViewController.swift */,
				F677038F227A6C8500715B91 /* SettingsViewController.swift */,
				F629037022657E0F00C84D9D /* GameScene.sks */,
				F629037522657E1600C84D9D /* Player.swift */,
				F629036D22657E0E00C84D9D /* Actions.sks */,
				F629036F22657E0F00C84D9D /* GameScene.swift */,
				F629036E22657E0E00C84D9D /* GameViewController.swift */,
				C4331FB9225C376800A40456 /* AppDelegate.swift */,
				C433205D2262A07700A40456 /* TitleScreenViewController.swift */,
				C433205F2262A41C00A40456 /* MenuViewController.swift */,
				F629037D22667A1100C84D9D /* Spacebg.sks */,
				C4331FC5225C376C00A40456 /* Info.plist */,
				F6A51F5C22810D2D00D02EBD /* Explosion.sks */,
				C4331FC0225C376C00A40456 /* Assets.xcassets */,
			);
			path = "Galaga-Tribute";
			sourceTree = "<group>";
		};
		C4331FCD225C376C00A40456 /* Galaga-TributeTests */ = {
			isa = PBXGroup;
			children = (
				C4331FCE225C376C00A40456 /* Galaga_TributeTests.swift */,
				C4331FD0225C376C00A40456 /* Info.plist */,
			);
			path = "Galaga-TributeTests";
			sourceTree = "<group>";
		};
		C4331FD8225C376C00A40456 /* Galaga-TributeUITests */ = {
			isa = PBXGroup;
			children = (
				C4331FD9225C376C00A40456 /* Galaga_TributeUITests.swift */,
				C4331FDB225C376C00A40456 /* Info.plist */,
			);
			path = "Galaga-TributeUITests";
			sourceTree = "<group>";
		};
/* End PBXGroup section */

/* Begin PBXNativeTarget section */
		C4331FB5225C376800A40456 /* Galaga-Tribute */ = {
			isa = PBXNativeTarget;
			buildConfigurationList = C4331FDE225C376C00A40456 /* Build configuration list for PBXNativeTarget "Galaga-Tribute" */;
			buildPhases = (
				8B24843F3C8AE05B3D6B18B2 /* [CP] Check Pods Manifest.lock */,
				C4331FB2225C376800A40456 /* Sources */,
				C4331FB3225C376800A40456 /* Frameworks */,
				C4331FB4225C376800A40456 /* Resources */,
				BDAC85D98AC82A6F39010198 /* [CP] Embed Pods Frameworks */,
			);
			buildRules = (
			);
			dependencies = (
			);
			name = "Galaga-Tribute";
			productName = "Galaga-Tribute";
			productReference = C4331FB6225C376800A40456 /* Galaga-Tribute.app */;
			productType = "com.apple.product-type.application";
		};
		C4331FC9225C376C00A40456 /* Galaga-TributeTests */ = {
			isa = PBXNativeTarget;
			buildConfigurationList = C4331FE1225C376C00A40456 /* Build configuration list for PBXNativeTarget "Galaga-TributeTests" */;
			buildPhases = (
				A8FA56E1DFFFC4C547DD31C7 /* [CP] Check Pods Manifest.lock */,
				C4331FC6225C376C00A40456 /* Sources */,
				C4331FC7225C376C00A40456 /* Frameworks */,
				C4331FC8225C376C00A40456 /* Resources */,
			);
			buildRules = (
			);
			dependencies = (
				C4331FCC225C376C00A40456 /* PBXTargetDependency */,
			);
			name = "Galaga-TributeTests";
			productName = "Galaga-TributeTests";
			productReference = C4331FCA225C376C00A40456 /* Galaga-TributeTests.xctest */;
			productType = "com.apple.product-type.bundle.unit-test";
		};
		C4331FD4225C376C00A40456 /* Galaga-TributeUITests */ = {
			isa = PBXNativeTarget;
			buildConfigurationList = C4331FE4225C376C00A40456 /* Build configuration list for PBXNativeTarget "Galaga-TributeUITests" */;
			buildPhases = (
				7AC6A75F679D00232C9BD467 /* [CP] Check Pods Manifest.lock */,
				C4331FD1225C376C00A40456 /* Sources */,
				C4331FD2225C376C00A40456 /* Frameworks */,
				C4331FD3225C376C00A40456 /* Resources */,
			);
			buildRules = (
			);
			dependencies = (
				C4331FD7225C376C00A40456 /* PBXTargetDependency */,
			);
			name = "Galaga-TributeUITests";
			productName = "Galaga-TributeUITests";
			productReference = C4331FD5225C376C00A40456 /* Galaga-TributeUITests.xctest */;
			productType = "com.apple.product-type.bundle.ui-testing";
		};
/* End PBXNativeTarget section */

/* Begin PBXProject section */
		C4331FAE225C376800A40456 /* Project object */ = {
			isa = PBXProject;
			attributes = {
				LastSwiftUpdateCheck = 1020;
				LastUpgradeCheck = 1020;
				ORGANIZATIONNAME = "Alexander Hall";
				TargetAttributes = {
					C4331FB5225C376800A40456 = {
						CreatedOnToolsVersion = 10.2;
					};
					C4331FC9225C376C00A40456 = {
						CreatedOnToolsVersion = 10.2;
						TestTargetID = C4331FB5225C376800A40456;
					};
					C4331FD4225C376C00A40456 = {
						CreatedOnToolsVersion = 10.2;
						TestTargetID = C4331FB5225C376800A40456;
					};
				};
			};
			buildConfigurationList = C4331FB1225C376800A40456 /* Build configuration list for PBXProject "Galaga-Tribute" */;
			compatibilityVersion = "Xcode 9.3";
			developmentRegion = en;
			hasScannedForEncodings = 0;
			knownRegions = (
				en,
				Base,
			);
			mainGroup = C4331FAD225C376800A40456;
			productRefGroup = C4331FB7225C376800A40456 /* Products */;
			projectDirPath = "";
			projectRoot = "";
			targets = (
				C4331FB5225C376800A40456 /* Galaga-Tribute */,
				C4331FC9225C376C00A40456 /* Galaga-TributeTests */,
				C4331FD4225C376C00A40456 /* Galaga-TributeUITests */,
			);
		};
/* End PBXProject section */

/* Begin PBXResourcesBuildPhase section */
		C4331FB4225C376800A40456 /* Resources */ = {
			isa = PBXResourcesBuildPhase;
			buildActionMask = 2147483647;
			files = (
				C4331FC4225C376C00A40456 /* LaunchScreen.storyboard in Resources */,
				F629037422657E0F00C84D9D /* GameScene.sks in Resources */,
				C4331FC1225C376C00A40456 /* Assets.xcassets in Resources */,
				C4331FBF225C376800A40456 /* Main.storyboard in Resources */,
				F629037122657E0F00C84D9D /* Actions.sks in Resources */,
				F6A51F5D22810D2D00D02EBD /* Explosion.sks in Resources */,
				F629037E22667A1100C84D9D /* Spacebg.sks in Resources */,
			);
			runOnlyForDeploymentPostprocessing = 0;
		};
		C4331FC8225C376C00A40456 /* Resources */ = {
			isa = PBXResourcesBuildPhase;
			buildActionMask = 2147483647;
			files = (
			);
			runOnlyForDeploymentPostprocessing = 0;
		};
		C4331FD3225C376C00A40456 /* Resources */ = {
			isa = PBXResourcesBuildPhase;
			buildActionMask = 2147483647;
			files = (
			);
			runOnlyForDeploymentPostprocessing = 0;
		};
/* End PBXResourcesBuildPhase section */

/* Begin PBXShellScriptBuildPhase section */
		7AC6A75F679D00232C9BD467 /* [CP] Check Pods Manifest.lock */ = {
			isa = PBXShellScriptBuildPhase;
			buildActionMask = 2147483647;
			files = (
			);
			inputFileListPaths = (
			);
			inputPaths = (
				"${PODS_PODFILE_DIR_PATH}/Podfile.lock",
				"${PODS_ROOT}/Manifest.lock",
			);
			name = "[CP] Check Pods Manifest.lock";
			outputFileListPaths = (
			);
			outputPaths = (
				"$(DERIVED_FILE_DIR)/Pods-Galaga-TributeUITests-checkManifestLockResult.txt",
			);
			runOnlyForDeploymentPostprocessing = 0;
			shellPath = /bin/sh;
			shellScript = "diff \"${PODS_PODFILE_DIR_PATH}/Podfile.lock\" \"${PODS_ROOT}/Manifest.lock\" > /dev/null\nif [ $? != 0 ] ; then\n    # print error to STDERR\n    echo \"error: The sandbox is not in sync with the Podfile.lock. Run 'pod install' or update your CocoaPods installation.\" >&2\n    exit 1\nfi\n# This output is used by Xcode 'outputs' to avoid re-running this script phase.\necho \"SUCCESS\" > \"${SCRIPT_OUTPUT_FILE_0}\"\n";
			showEnvVarsInLog = 0;
		};
		8B24843F3C8AE05B3D6B18B2 /* [CP] Check Pods Manifest.lock */ = {
			isa = PBXShellScriptBuildPhase;
			buildActionMask = 2147483647;
			files = (
			);
			inputFileListPaths = (
			);
			inputPaths = (
				"${PODS_PODFILE_DIR_PATH}/Podfile.lock",
				"${PODS_ROOT}/Manifest.lock",
			);
			name = "[CP] Check Pods Manifest.lock";
			outputFileListPaths = (
			);
			outputPaths = (
				"$(DERIVED_FILE_DIR)/Pods-Galaga-Tribute-checkManifestLockResult.txt",
			);
			runOnlyForDeploymentPostprocessing = 0;
			shellPath = /bin/sh;
			shellScript = "diff \"${PODS_PODFILE_DIR_PATH}/Podfile.lock\" \"${PODS_ROOT}/Manifest.lock\" > /dev/null\nif [ $? != 0 ] ; then\n    # print error to STDERR\n    echo \"error: The sandbox is not in sync with the Podfile.lock. Run 'pod install' or update your CocoaPods installation.\" >&2\n    exit 1\nfi\n# This output is used by Xcode 'outputs' to avoid re-running this script phase.\necho \"SUCCESS\" > \"${SCRIPT_OUTPUT_FILE_0}\"\n";
			showEnvVarsInLog = 0;
		};
		A8FA56E1DFFFC4C547DD31C7 /* [CP] Check Pods Manifest.lock */ = {
			isa = PBXShellScriptBuildPhase;
			buildActionMask = 2147483647;
			files = (
			);
			inputFileListPaths = (
			);
			inputPaths = (
				"${PODS_PODFILE_DIR_PATH}/Podfile.lock",
				"${PODS_ROOT}/Manifest.lock",
			);
			name = "[CP] Check Pods Manifest.lock";
			outputFileListPaths = (
			);
			outputPaths = (
				"$(DERIVED_FILE_DIR)/Pods-Galaga-TributeTests-checkManifestLockResult.txt",
			);
			runOnlyForDeploymentPostprocessing = 0;
			shellPath = /bin/sh;
			shellScript = "diff \"${PODS_PODFILE_DIR_PATH}/Podfile.lock\" \"${PODS_ROOT}/Manifest.lock\" > /dev/null\nif [ $? != 0 ] ; then\n    # print error to STDERR\n    echo \"error: The sandbox is not in sync with the Podfile.lock. Run 'pod install' or update your CocoaPods installation.\" >&2\n    exit 1\nfi\n# This output is used by Xcode 'outputs' to avoid re-running this script phase.\necho \"SUCCESS\" > \"${SCRIPT_OUTPUT_FILE_0}\"\n";
			showEnvVarsInLog = 0;
		};
		BDAC85D98AC82A6F39010198 /* [CP] Embed Pods Frameworks */ = {
			isa = PBXShellScriptBuildPhase;
			buildActionMask = 2147483647;
			files = (
			);
			inputFileListPaths = (
			);
			inputPaths = (
				"${PODS_ROOT}/Target Support Files/Pods-Galaga-Tribute/Pods-Galaga-Tribute-frameworks.sh",
				"${BUILT_PRODUCTS_DIR}/Bolts/Bolts.framework",
				"${BUILT_PRODUCTS_DIR}/Parse/Parse.framework",
			);
			name = "[CP] Embed Pods Frameworks";
			outputFileListPaths = (
			);
			outputPaths = (
				"${TARGET_BUILD_DIR}/${FRAMEWORKS_FOLDER_PATH}/Bolts.framework",
				"${TARGET_BUILD_DIR}/${FRAMEWORKS_FOLDER_PATH}/Parse.framework",
			);
			runOnlyForDeploymentPostprocessing = 0;
			shellPath = /bin/sh;
			shellScript = "\"${PODS_ROOT}/Target Support Files/Pods-Galaga-Tribute/Pods-Galaga-Tribute-frameworks.sh\"\n";
			showEnvVarsInLog = 0;
		};
/* End PBXShellScriptBuildPhase section */

/* Begin PBXSourcesBuildPhase section */
		C4331FB2225C376800A40456 /* Sources */ = {
			isa = PBXSourcesBuildPhase;
			buildActionMask = 2147483647;
			files = (
				F629037322657E0F00C84D9D /* GameScene.swift in Sources */,
				E42698E7228032A50000E51B /* UsernameViewController.swift in Sources */,
				F629037222657E0F00C84D9D /* GameViewController.swift in Sources */,
				C4331FBA225C376800A40456 /* AppDelegate.swift in Sources */,
				C43320602262A41C00A40456 /* MenuViewController.swift in Sources */,
				F6770392227D366400715B91 /* GameOverViewController.swift in Sources */,
				F629037622657E1600C84D9D /* Player.swift in Sources */,
				C433205E2262A07700A40456 /* TitleScreenViewController.swift in Sources */,
				F6770390227A6C8500715B91 /* SettingsViewController.swift in Sources */,
			);
			runOnlyForDeploymentPostprocessing = 0;
		};
		C4331FC6225C376C00A40456 /* Sources */ = {
			isa = PBXSourcesBuildPhase;
			buildActionMask = 2147483647;
			files = (
				C4331FCF225C376C00A40456 /* Galaga_TributeTests.swift in Sources */,
			);
			runOnlyForDeploymentPostprocessing = 0;
		};
		C4331FD1225C376C00A40456 /* Sources */ = {
			isa = PBXSourcesBuildPhase;
			buildActionMask = 2147483647;
			files = (
				C4331FDA225C376C00A40456 /* Galaga_TributeUITests.swift in Sources */,
			);
			runOnlyForDeploymentPostprocessing = 0;
		};
/* End PBXSourcesBuildPhase section */

/* Begin PBXTargetDependency section */
		C4331FCC225C376C00A40456 /* PBXTargetDependency */ = {
			isa = PBXTargetDependency;
			target = C4331FB5225C376800A40456 /* Galaga-Tribute */;
			targetProxy = C4331FCB225C376C00A40456 /* PBXContainerItemProxy */;
		};
		C4331FD7225C376C00A40456 /* PBXTargetDependency */ = {
			isa = PBXTargetDependency;
			target = C4331FB5225C376800A40456 /* Galaga-Tribute */;
			targetProxy = C4331FD6225C376C00A40456 /* PBXContainerItemProxy */;
		};
/* End PBXTargetDependency section */

/* Begin PBXVariantGroup section */
		C4331FBD225C376800A40456 /* Main.storyboard */ = {
			isa = PBXVariantGroup;
			children = (
				C4331FBE225C376800A40456 /* Base */,
			);
			name = Main.storyboard;
			sourceTree = "<group>";
		};
		C4331FC2225C376C00A40456 /* LaunchScreen.storyboard */ = {
			isa = PBXVariantGroup;
			children = (
				C4331FC3225C376C00A40456 /* Base */,
			);
			name = LaunchScreen.storyboard;
			sourceTree = "<group>";
		};
/* End PBXVariantGroup section */

/* Begin XCBuildConfiguration section */
		C4331FDC225C376C00A40456 /* Debug */ = {
			isa = XCBuildConfiguration;
			buildSettings = {
				ALWAYS_SEARCH_USER_PATHS = NO;
				CLANG_ANALYZER_NONNULL = YES;
				CLANG_ANALYZER_NUMBER_OBJECT_CONVERSION = YES_AGGRESSIVE;
				CLANG_CXX_LANGUAGE_STANDARD = "gnu++14";
				CLANG_CXX_LIBRARY = "libc++";
				CLANG_ENABLE_MODULES = YES;
				CLANG_ENABLE_OBJC_ARC = YES;
				CLANG_ENABLE_OBJC_WEAK = YES;
				CLANG_WARN_BLOCK_CAPTURE_AUTORELEASING = YES;
				CLANG_WARN_BOOL_CONVERSION = YES;
				CLANG_WARN_COMMA = YES;
				CLANG_WARN_CONSTANT_CONVERSION = YES;
				CLANG_WARN_DEPRECATED_OBJC_IMPLEMENTATIONS = YES;
				CLANG_WARN_DIRECT_OBJC_ISA_USAGE = YES_ERROR;
				CLANG_WARN_DOCUMENTATION_COMMENTS = YES;
				CLANG_WARN_EMPTY_BODY = YES;
				CLANG_WARN_ENUM_CONVERSION = YES;
				CLANG_WARN_INFINITE_RECURSION = YES;
				CLANG_WARN_INT_CONVERSION = YES;
				CLANG_WARN_NON_LITERAL_NULL_CONVERSION = YES;
				CLANG_WARN_OBJC_IMPLICIT_RETAIN_SELF = YES;
				CLANG_WARN_OBJC_LITERAL_CONVERSION = YES;
				CLANG_WARN_OBJC_ROOT_CLASS = YES_ERROR;
				CLANG_WARN_RANGE_LOOP_ANALYSIS = YES;
				CLANG_WARN_STRICT_PROTOTYPES = YES;
				CLANG_WARN_SUSPICIOUS_MOVE = YES;
				CLANG_WARN_UNGUARDED_AVAILABILITY = YES_AGGRESSIVE;
				CLANG_WARN_UNREACHABLE_CODE = YES;
				CLANG_WARN__DUPLICATE_METHOD_MATCH = YES;
				CODE_SIGN_IDENTITY = "iPhone Developer";
				COPY_PHASE_STRIP = NO;
				DEBUG_INFORMATION_FORMAT = dwarf;
				ENABLE_STRICT_OBJC_MSGSEND = YES;
				ENABLE_TESTABILITY = YES;
				GCC_C_LANGUAGE_STANDARD = gnu11;
				GCC_DYNAMIC_NO_PIC = NO;
				GCC_NO_COMMON_BLOCKS = YES;
				GCC_OPTIMIZATION_LEVEL = 0;
				GCC_PREPROCESSOR_DEFINITIONS = (
					"DEBUG=1",
					"$(inherited)",
				);
				GCC_WARN_64_TO_32_BIT_CONVERSION = YES;
				GCC_WARN_ABOUT_RETURN_TYPE = YES_ERROR;
				GCC_WARN_UNDECLARED_SELECTOR = YES;
				GCC_WARN_UNINITIALIZED_AUTOS = YES_AGGRESSIVE;
				GCC_WARN_UNUSED_FUNCTION = YES;
				GCC_WARN_UNUSED_VARIABLE = YES;
				IPHONEOS_DEPLOYMENT_TARGET = 12.0;
				MTL_ENABLE_DEBUG_INFO = INCLUDE_SOURCE;
				MTL_FAST_MATH = YES;
				ONLY_ACTIVE_ARCH = YES;
				SDKROOT = iphoneos;
				SWIFT_ACTIVE_COMPILATION_CONDITIONS = DEBUG;
				SWIFT_OPTIMIZATION_LEVEL = "-Onone";
			};
			name = Debug;
		};
		C4331FDD225C376C00A40456 /* Release */ = {
			isa = XCBuildConfiguration;
			buildSettings = {
				ALWAYS_SEARCH_USER_PATHS = NO;
				CLANG_ANALYZER_NONNULL = YES;
				CLANG_ANALYZER_NUMBER_OBJECT_CONVERSION = YES_AGGRESSIVE;
				CLANG_CXX_LANGUAGE_STANDARD = "gnu++14";
				CLANG_CXX_LIBRARY = "libc++";
				CLANG_ENABLE_MODULES = YES;
				CLANG_ENABLE_OBJC_ARC = YES;
				CLANG_ENABLE_OBJC_WEAK = YES;
				CLANG_WARN_BLOCK_CAPTURE_AUTORELEASING = YES;
				CLANG_WARN_BOOL_CONVERSION = YES;
				CLANG_WARN_COMMA = YES;
				CLANG_WARN_CONSTANT_CONVERSION = YES;
				CLANG_WARN_DEPRECATED_OBJC_IMPLEMENTATIONS = YES;
				CLANG_WARN_DIRECT_OBJC_ISA_USAGE = YES_ERROR;
				CLANG_WARN_DOCUMENTATION_COMMENTS = YES;
				CLANG_WARN_EMPTY_BODY = YES;
				CLANG_WARN_ENUM_CONVERSION = YES;
				CLANG_WARN_INFINITE_RECURSION = YES;
				CLANG_WARN_INT_CONVERSION = YES;
				CLANG_WARN_NON_LITERAL_NULL_CONVERSION = YES;
				CLANG_WARN_OBJC_IMPLICIT_RETAIN_SELF = YES;
				CLANG_WARN_OBJC_LITERAL_CONVERSION = YES;
				CLANG_WARN_OBJC_ROOT_CLASS = YES_ERROR;
				CLANG_WARN_RANGE_LOOP_ANALYSIS = YES;
				CLANG_WARN_STRICT_PROTOTYPES = YES;
				CLANG_WARN_SUSPICIOUS_MOVE = YES;
				CLANG_WARN_UNGUARDED_AVAILABILITY = YES_AGGRESSIVE;
				CLANG_WARN_UNREACHABLE_CODE = YES;
				CLANG_WARN__DUPLICATE_METHOD_MATCH = YES;
				CODE_SIGN_IDENTITY = "iPhone Developer";
				COPY_PHASE_STRIP = NO;
				DEBUG_INFORMATION_FORMAT = "dwarf-with-dsym";
				ENABLE_NS_ASSERTIONS = NO;
				ENABLE_STRICT_OBJC_MSGSEND = YES;
				GCC_C_LANGUAGE_STANDARD = gnu11;
				GCC_NO_COMMON_BLOCKS = YES;
				GCC_WARN_64_TO_32_BIT_CONVERSION = YES;
				GCC_WARN_ABOUT_RETURN_TYPE = YES_ERROR;
				GCC_WARN_UNDECLARED_SELECTOR = YES;
				GCC_WARN_UNINITIALIZED_AUTOS = YES_AGGRESSIVE;
				GCC_WARN_UNUSED_FUNCTION = YES;
				GCC_WARN_UNUSED_VARIABLE = YES;
				IPHONEOS_DEPLOYMENT_TARGET = 12.0;
				MTL_ENABLE_DEBUG_INFO = NO;
				MTL_FAST_MATH = YES;
				SDKROOT = iphoneos;
				SWIFT_COMPILATION_MODE = wholemodule;
				SWIFT_OPTIMIZATION_LEVEL = "-O";
				VALIDATE_PRODUCT = YES;
			};
			name = Release;
		};
		C4331FDF225C376C00A40456 /* Debug */ = {
			isa = XCBuildConfiguration;
			baseConfigurationReference = 6590799644990A5B77ED156D /* Pods-Galaga-Tribute.debug.xcconfig */;
			buildSettings = {
				ASSETCATALOG_COMPILER_APPICON_NAME = AppIcon;
				CODE_SIGN_STYLE = Automatic;
				DEVELOPMENT_TEAM = 9M77CWP83M;
				INFOPLIST_FILE = "Galaga-Tribute/Info.plist";
				LD_RUNPATH_SEARCH_PATHS = (
					"$(inherited)",
					"@executable_path/Frameworks",
				);
				PRODUCT_BUNDLE_IDENTIFIER = "antowyyy.Galaga-Tribute";
				PRODUCT_NAME = "$(TARGET_NAME)";
				SWIFT_VERSION = 4.2;
				TARGETED_DEVICE_FAMILY = "1,2";
			};
			name = Debug;
		};
		C4331FE0225C376C00A40456 /* Release */ = {
			isa = XCBuildConfiguration;
			baseConfigurationReference = 3A6D9232099B3803D98C725B /* Pods-Galaga-Tribute.release.xcconfig */;
			buildSettings = {
				ASSETCATALOG_COMPILER_APPICON_NAME = AppIcon;
				CODE_SIGN_STYLE = Automatic;
				DEVELOPMENT_TEAM = 9M77CWP83M;
				INFOPLIST_FILE = "Galaga-Tribute/Info.plist";
				LD_RUNPATH_SEARCH_PATHS = (
					"$(inherited)",
					"@executable_path/Frameworks",
				);
				PRODUCT_BUNDLE_IDENTIFIER = "antowyyy.Galaga-Tribute";
				PRODUCT_NAME = "$(TARGET_NAME)";
				SWIFT_VERSION = 4.2;
				TARGETED_DEVICE_FAMILY = "1,2";
			};
			name = Release;
		};
		C4331FE2225C376C00A40456 /* Debug */ = {
			isa = XCBuildConfiguration;
			baseConfigurationReference = 47D20F4628ED931D583E7C63 /* Pods-Galaga-TributeTests.debug.xcconfig */;
			buildSettings = {
				ALWAYS_EMBED_SWIFT_STANDARD_LIBRARIES = YES;
				BUNDLE_LOADER = "$(TEST_HOST)";
				CODE_SIGN_STYLE = Automatic;
				INFOPLIST_FILE = "Galaga-TributeTests/Info.plist";
				LD_RUNPATH_SEARCH_PATHS = (
					"$(inherited)",
					"@executable_path/Frameworks",
					"@loader_path/Frameworks",
				);
				PRODUCT_BUNDLE_IDENTIFIER = "codepath.Galaga-TributeTests";
				PRODUCT_NAME = "$(TARGET_NAME)";
				SWIFT_VERSION = 5.0;
				TARGETED_DEVICE_FAMILY = "1,2";
				TEST_HOST = "$(BUILT_PRODUCTS_DIR)/Galaga-Tribute.app/Galaga-Tribute";
			};
			name = Debug;
		};
		C4331FE3225C376C00A40456 /* Release */ = {
			isa = XCBuildConfiguration;
			baseConfigurationReference = C2C4CC91B0CD92D2521268D1 /* Pods-Galaga-TributeTests.release.xcconfig */;
			buildSettings = {
				ALWAYS_EMBED_SWIFT_STANDARD_LIBRARIES = YES;
				BUNDLE_LOADER = "$(TEST_HOST)";
				CODE_SIGN_STYLE = Automatic;
				INFOPLIST_FILE = "Galaga-TributeTests/Info.plist";
				LD_RUNPATH_SEARCH_PATHS = (
					"$(inherited)",
					"@executable_path/Frameworks",
					"@loader_path/Frameworks",
				);
				PRODUCT_BUNDLE_IDENTIFIER = "codepath.Galaga-TributeTests";
				PRODUCT_NAME = "$(TARGET_NAME)";
				SWIFT_VERSION = 5.0;
				TARGETED_DEVICE_FAMILY = "1,2";
				TEST_HOST = "$(BUILT_PRODUCTS_DIR)/Galaga-Tribute.app/Galaga-Tribute";
			};
			name = Release;
		};
		C4331FE5225C376C00A40456 /* Debug */ = {
			isa = XCBuildConfiguration;
			baseConfigurationReference = FA5DD635C0B2F2017BE68E19 /* Pods-Galaga-TributeUITests.debug.xcconfig */;
			buildSettings = {
				ALWAYS_EMBED_SWIFT_STANDARD_LIBRARIES = YES;
				CODE_SIGN_STYLE = Automatic;
				INFOPLIST_FILE = "Galaga-TributeUITests/Info.plist";
				LD_RUNPATH_SEARCH_PATHS = (
					"$(inherited)",
					"@executable_path/Frameworks",
					"@loader_path/Frameworks",
				);
				PRODUCT_BUNDLE_IDENTIFIER = "codepath.Galaga-TributeUITests";
				PRODUCT_NAME = "$(TARGET_NAME)";
				SWIFT_VERSION = 5.0;
				TARGETED_DEVICE_FAMILY = "1,2";
				TEST_TARGET_NAME = "Galaga-Tribute";
			};
			name = Debug;
		};
		C4331FE6225C376C00A40456 /* Release */ = {
			isa = XCBuildConfiguration;
			baseConfigurationReference = FF8CBFE46C14B629463261C4 /* Pods-Galaga-TributeUITests.release.xcconfig */;
			buildSettings = {
				ALWAYS_EMBED_SWIFT_STANDARD_LIBRARIES = YES;
				CODE_SIGN_STYLE = Automatic;
				INFOPLIST_FILE = "Galaga-TributeUITests/Info.plist";
				LD_RUNPATH_SEARCH_PATHS = (
					"$(inherited)",
					"@executable_path/Frameworks",
					"@loader_path/Frameworks",
				);
				PRODUCT_BUNDLE_IDENTIFIER = "codepath.Galaga-TributeUITests";
				PRODUCT_NAME = "$(TARGET_NAME)";
				SWIFT_VERSION = 5.0;
				TARGETED_DEVICE_FAMILY = "1,2";
				TEST_TARGET_NAME = "Galaga-Tribute";
			};
			name = Release;
		};
/* End XCBuildConfiguration section */

/* Begin XCConfigurationList section */
		C4331FB1225C376800A40456 /* Build configuration list for PBXProject "Galaga-Tribute" */ = {
			isa = XCConfigurationList;
			buildConfigurations = (
				C4331FDC225C376C00A40456 /* Debug */,
				C4331FDD225C376C00A40456 /* Release */,
			);
			defaultConfigurationIsVisible = 0;
			defaultConfigurationName = Release;
		};
		C4331FDE225C376C00A40456 /* Build configuration list for PBXNativeTarget "Galaga-Tribute" */ = {
			isa = XCConfigurationList;
			buildConfigurations = (
				C4331FDF225C376C00A40456 /* Debug */,
				C4331FE0225C376C00A40456 /* Release */,
			);
			defaultConfigurationIsVisible = 0;
			defaultConfigurationName = Release;
		};
		C4331FE1225C376C00A40456 /* Build configuration list for PBXNativeTarget "Galaga-TributeTests" */ = {
			isa = XCConfigurationList;
			buildConfigurations = (
				C4331FE2225C376C00A40456 /* Debug */,
				C4331FE3225C376C00A40456 /* Release */,
			);
			defaultConfigurationIsVisible = 0;
			defaultConfigurationName = Release;
		};
		C4331FE4225C376C00A40456 /* Build configuration list for PBXNativeTarget "Galaga-TributeUITests" */ = {
			isa = XCConfigurationList;
			buildConfigurations = (
				C4331FE5225C376C00A40456 /* Debug */,
				C4331FE6225C376C00A40456 /* Release */,
			);
			defaultConfigurationIsVisible = 0;
			defaultConfigurationName = Release;
		};
/* End XCConfigurationList section */
	};
	rootObject = C4331FAE225C376800A40456 /* Project object */;
}
